// !$*UTF8*$!
{
	archiveVersion = 1;
	classes = {
	};
	objectVersion = 50;
	objects = {

/* Begin PBXBuildFile section */
		3C32F77D27A9FCC400AF4B2F /* AppDelegate.swift in Sources */ = {isa = PBXBuildFile; fileRef = 3C32F77C27A9FCC400AF4B2F /* AppDelegate.swift */; };
		3C32F77F27A9FCC400AF4B2F /* SceneDelegate.swift in Sources */ = {isa = PBXBuildFile; fileRef = 3C32F77E27A9FCC400AF4B2F /* SceneDelegate.swift */; };
		3C32F78127A9FCC400AF4B2F /* ViewController.swift in Sources */ = {isa = PBXBuildFile; fileRef = 3C32F78027A9FCC400AF4B2F /* ViewController.swift */; };
		3C32F78427A9FCC400AF4B2F /* Main.storyboard in Resources */ = {isa = PBXBuildFile; fileRef = 3C32F78227A9FCC400AF4B2F /* Main.storyboard */; };
		3C32F78627A9FCC800AF4B2F /* Assets.xcassets in Resources */ = {isa = PBXBuildFile; fileRef = 3C32F78527A9FCC800AF4B2F /* Assets.xcassets */; };
		3C32F78927A9FCC800AF4B2F /* LaunchScreen.storyboard in Resources */ = {isa = PBXBuildFile; fileRef = 3C32F78727A9FCC800AF4B2F /* LaunchScreen.storyboard */; };
		3C32F79427A9FCC800AF4B2F /* PreworkTests.swift in Sources */ = {isa = PBXBuildFile; fileRef = 3C32F79327A9FCC800AF4B2F /* PreworkTests.swift */; };
		3C32F79F27A9FCC800AF4B2F /* PreworkUITests.swift in Sources */ = {isa = PBXBuildFile; fileRef = 3C32F79E27A9FCC800AF4B2F /* PreworkUITests.swift */; };
/* End PBXBuildFile section */

/* Begin PBXContainerItemProxy section */
		3C32F79027A9FCC800AF4B2F /* PBXContainerItemProxy */ = {
			isa = PBXContainerItemProxy;
			containerPortal = 3C32F77127A9FCC400AF4B2F /* Project object */;
			proxyType = 1;
			remoteGlobalIDString = 3C32F77827A9FCC400AF4B2F;
			remoteInfo = Prework;
		};
		3C32F79B27A9FCC800AF4B2F /* PBXContainerItemProxy */ = {
			isa = PBXContainerItemProxy;
			containerPortal = 3C32F77127A9FCC400AF4B2F /* Project object */;
			proxyType = 1;
			remoteGlobalIDString = 3C32F77827A9FCC400AF4B2F;
			remoteInfo = Prework;
		};
/* End PBXContainerItemProxy section */

/* Begin PBXFileReference section */
		3C32F77927A9FCC400AF4B2F /* Prework.app */ = {isa = PBXFileReference; explicitFileType = wrapper.application; includeInIndex = 0; path = Prework.app; sourceTree = BUILT_PRODUCTS_DIR; };
		3C32F77C27A9FCC400AF4B2F /* AppDelegate.swift */ = {isa = PBXFileReference; lastKnownFileType = sourcecode.swift; path = AppDelegate.swift; sourceTree = "<group>"; };
		3C32F77E27A9FCC400AF4B2F /* SceneDelegate.swift */ = {isa = PBXFileReference; lastKnownFileType = sourcecode.swift; path = SceneDelegate.swift; sourceTree = "<group>"; };
		3C32F78027A9FCC400AF4B2F /* ViewController.swift */ = {isa = PBXFileReference; lastKnownFileType = sourcecode.swift; path = ViewController.swift; sourceTree = "<group>"; };
		3C32F78327A9FCC400AF4B2F /* Base */ = {isa = PBXFileReference; lastKnownFileType = file.storyboard; name = Base; path = Base.lproj/Main.storyboard; sourceTree = "<group>"; };
		3C32F78527A9FCC800AF4B2F /* Assets.xcassets */ = {isa = PBXFileReference; lastKnownFileType = folder.assetcatalog; path = Assets.xcassets; sourceTree = "<group>"; };
		3C32F78827A9FCC800AF4B2F /* Base */ = {isa = PBXFileReference; lastKnownFileType = file.storyboard; name = Base; path = Base.lproj/LaunchScreen.storyboard; sourceTree = "<group>"; };
		3C32F78A27A9FCC800AF4B2F /* Info.plist */ = {isa = PBXFileReference; lastKnownFileType = text.plist.xml; path = Info.plist; sourceTree = "<group>"; };
		3C32F78F27A9FCC800AF4B2F /* PreworkTests.xctest */ = {isa = PBXFileReference; explicitFileType = wrapper.cfbundle; includeInIndex = 0; path = PreworkTests.xctest; sourceTree = BUILT_PRODUCTS_DIR; };
		3C32F79327A9FCC800AF4B2F /* PreworkTests.swift */ = {isa = PBXFileReference; lastKnownFileType = sourcecode.swift; path = PreworkTests.swift; sourceTree = "<group>"; };
		3C32F79527A9FCC800AF4B2F /* Info.plist */ = {isa = PBXFileReference; lastKnownFileType = text.plist.xml; path = Info.plist; sourceTree = "<group>"; };
		3C32F79A27A9FCC800AF4B2F /* PreworkUITests.xctest */ = {isa = PBXFileReference; explicitFileType = wrapper.cfbundle; includeInIndex = 0; path = PreworkUITests.xctest; sourceTree = BUILT_PRODUCTS_DIR; };
		3C32F79E27A9FCC800AF4B2F /* PreworkUITests.swift */ = {isa = PBXFileReference; lastKnownFileType = sourcecode.swift; path = PreworkUITests.swift; sourceTree = "<group>"; };
		3C32F7A027A9FCC800AF4B2F /* Info.plist */ = {isa = PBXFileReference; lastKnownFileType = text.plist.xml; path = Info.plist; sourceTree = "<group>"; };
/* End PBXFileReference section */

/* Begin PBXFrameworksBuildPhase section */
		3C32F77627A9FCC400AF4B2F /* Frameworks */ = {
			isa = PBXFrameworksBuildPhase;
			buildActionMask = 2147483647;
			files = (
			);
			runOnlyForDeploymentPostprocessing = 0;
		};
		3C32F78C27A9FCC800AF4B2F /* Frameworks */ = {
			isa = PBXFrameworksBuildPhase;
			buildActionMask = 2147483647;
			files = (
			);
			runOnlyForDeploymentPostprocessing = 0;
		};
		3C32F79727A9FCC800AF4B2F /* Frameworks */ = {
			isa = PBXFrameworksBuildPhase;
			buildActionMask = 2147483647;
			files = (
			);
			runOnlyForDeploymentPostprocessing = 0;
		};
/* End PBXFrameworksBuildPhase section */

/* Begin PBXGroup section */
		3C32F77027A9FCC400AF4B2F = {
			isa = PBXGroup;
			children = (
				3C32F77B27A9FCC400AF4B2F /* Prework */,
				3C32F79227A9FCC800AF4B2F /* PreworkTests */,
				3C32F79D27A9FCC800AF4B2F /* PreworkUITests */,
				3C32F77A27A9FCC400AF4B2F /* Products */,
			);
			sourceTree = "<group>";
		};
		3C32F77A27A9FCC400AF4B2F /* Products */ = {
			isa = PBXGroup;
			children = (
				3C32F77927A9FCC400AF4B2F /* Prework.app */,
				3C32F78F27A9FCC800AF4B2F /* PreworkTests.xctest */,
				3C32F79A27A9FCC800AF4B2F /* PreworkUITests.xctest */,
			);
			name = Products;
			sourceTree = "<group>";
		};
		3C32F77B27A9FCC400AF4B2F /* Prework */ = {
			isa = PBXGroup;
			children = (
				3C32F77C27A9FCC400AF4B2F /* AppDelegate.swift */,
				3C32F77E27A9FCC400AF4B2F /* SceneDelegate.swift */,
				3C32F78027A9FCC400AF4B2F /* ViewController.swift */,
				3C32F78227A9FCC400AF4B2F /* Main.storyboard */,
				3C32F78527A9FCC800AF4B2F /* Assets.xcassets */,
				3C32F78727A9FCC800AF4B2F /* LaunchScreen.storyboard */,
				3C32F78A27A9FCC800AF4B2F /* Info.plist */,
			);
			path = Prework;
			sourceTree = "<group>";
		};
		3C32F79227A9FCC800AF4B2F /* PreworkTests */ = {
			isa = PBXGroup;
			children = (
				3C32F79327A9FCC800AF4B2F /* PreworkTests.swift */,
				3C32F79527A9FCC800AF4B2F /* Info.plist */,
			);
			path = PreworkTests;
			sourceTree = "<group>";
		};
		3C32F79D27A9FCC800AF4B2F /* PreworkUITests */ = {
			isa = PBXGroup;
			children = (
				3C32F79E27A9FCC800AF4B2F /* PreworkUITests.swift */,
				3C32F7A027A9FCC800AF4B2F /* Info.plist */,
			);
			path = PreworkUITests;
			sourceTree = "<group>";
		};
/* End PBXGroup section */

/* Begin PBXNativeTarget section */
		3C32F77827A9FCC400AF4B2F /* Prework */ = {
			isa = PBXNativeTarget;
			buildConfigurationList = 3C32F7A327A9FCC800AF4B2F /* Build configuration list for PBXNativeTarget "Prework" */;
			buildPhases = (
				3C32F77527A9FCC400AF4B2F /* Sources */,
				3C32F77627A9FCC400AF4B2F /* Frameworks */,
				3C32F77727A9FCC400AF4B2F /* Resources */,
			);
			buildRules = (
			);
			dependencies = (
			);
			name = Prework;
			productName = Prework;
			productReference = 3C32F77927A9FCC400AF4B2F /* Prework.app */;
			productType = "com.apple.product-type.application";
		};
		3C32F78E27A9FCC800AF4B2F /* PreworkTests */ = {
			isa = PBXNativeTarget;
			buildConfigurationList = 3C32F7A627A9FCC800AF4B2F /* Build configuration list for PBXNativeTarget "PreworkTests" */;
			buildPhases = (
				3C32F78B27A9FCC800AF4B2F /* Sources */,
				3C32F78C27A9FCC800AF4B2F /* Frameworks */,
				3C32F78D27A9FCC800AF4B2F /* Resources */,
			);
			buildRules = (
			);
			dependencies = (
				3C32F79127A9FCC800AF4B2F /* PBXTargetDependency */,
			);
			name = PreworkTests;
			productName = PreworkTests;
			productReference = 3C32F78F27A9FCC800AF4B2F /* PreworkTests.xctest */;
			productType = "com.apple.product-type.bundle.unit-test";
		};
		3C32F79927A9FCC800AF4B2F /* PreworkUITests */ = {
			isa = PBXNativeTarget;
			buildConfigurationList = 3C32F7A927A9FCC800AF4B2F /* Build configuration list for PBXNativeTarget "PreworkUITests" */;
			buildPhases = (
				3C32F79627A9FCC800AF4B2F /* Sources */,
				3C32F79727A9FCC800AF4B2F /* Frameworks */,
				3C32F79827A9FCC800AF4B2F /* Resources */,
			);
			buildRules = (
			);
			dependencies = (
				3C32F79C27A9FCC800AF4B2F /* PBXTargetDependency */,
			);
			name = PreworkUITests;
			productName = PreworkUITests;
			productReference = 3C32F79A27A9FCC800AF4B2F /* PreworkUITests.xctest */;
			productType = "com.apple.product-type.bundle.ui-testing";
		};
/* End PBXNativeTarget section */

/* Begin PBXProject section */
		3C32F77127A9FCC400AF4B2F /* Project object */ = {
			isa = PBXProject;
			attributes = {
				LastSwiftUpdateCheck = 1250;
				LastUpgradeCheck = 1250;
				TargetAttributes = {
					3C32F77827A9FCC400AF4B2F = {
						CreatedOnToolsVersion = 12.5.1;
					};
					3C32F78E27A9FCC800AF4B2F = {
						CreatedOnToolsVersion = 12.5.1;
						TestTargetID = 3C32F77827A9FCC400AF4B2F;
					};
					3C32F79927A9FCC800AF4B2F = {
						CreatedOnToolsVersion = 12.5.1;
						TestTargetID = 3C32F77827A9FCC400AF4B2F;
					};
				};
			};
			buildConfigurationList = 3C32F77427A9FCC400AF4B2F /* Build configuration list for PBXProject "Prework" */;
			compatibilityVersion = "Xcode 9.3";
			developmentRegion = en;
			hasScannedForEncodings = 0;
			knownRegions = (
				en,
				Base,
			);
			mainGroup = 3C32F77027A9FCC400AF4B2F;
			productRefGroup = 3C32F77A27A9FCC400AF4B2F /* Products */;
			projectDirPath = "";
			projectRoot = "";
			targets = (
				3C32F77827A9FCC400AF4B2F /* Prework */,
				3C32F78E27A9FCC800AF4B2F /* PreworkTests */,
				3C32F79927A9FCC800AF4B2F /* PreworkUITests */,
			);
		};
/* End PBXProject section */

/* Begin PBXResourcesBuildPhase section */
		3C32F77727A9FCC400AF4B2F /* Resources */ = {
			isa = PBXResourcesBuildPhase;
			buildActionMask = 2147483647;
			files = (
				3C32F78927A9FCC800AF4B2F /* LaunchScreen.storyboard in Resources */,
				3C32F78627A9FCC800AF4B2F /* Assets.xcassets in Resources */,
				3C32F78427A9FCC400AF4B2F /* Main.storyboard in Resources */,
			);
			runOnlyForDeploymentPostprocessing = 0;
		};
		3C32F78D27A9FCC800AF4B2F /* Resources */ = {
			isa = PBXResourcesBuildPhase;
			buildActionMask = 2147483647;
			files = (
			);
			runOnlyForDeploymentPostprocessing = 0;
		};
		3C32F79827A9FCC800AF4B2F /* Resources */ = {
			isa = PBXResourcesBuildPhase;
			buildActionMask = 2147483647;
			files = (
			);
			runOnlyForDeploymentPostprocessing = 0;
		};
/* End PBXResourcesBuildPhase section */

/* Begin PBXSourcesBuildPhase section */
		3C32F77527A9FCC400AF4B2F /* Sources */ = {
			isa = PBXSourcesBuildPhase;
			buildActionMask = 2147483647;
			files = (
				3C32F78127A9FCC400AF4B2F /* ViewController.swift in Sources */,
				3C32F77D27A9FCC400AF4B2F /* AppDelegate.swift in Sources */,
				3C32F77F27A9FCC400AF4B2F /* SceneDelegate.swift in Sources */,
			);
			runOnlyForDeploymentPostprocessing = 0;
		};
		3C32F78B27A9FCC800AF4B2F /* Sources */ = {
			isa = PBXSourcesBuildPhase;
			buildActionMask = 2147483647;
			files = (
				3C32F79427A9FCC800AF4B2F /* PreworkTests.swift in Sources */,
			);
			runOnlyForDeploymentPostprocessing = 0;
		};
		3C32F79627A9FCC800AF4B2F /* Sources */ = {
			isa = PBXSourcesBuildPhase;
			buildActionMask = 2147483647;
			files = (
				3C32F79F27A9FCC800AF4B2F /* PreworkUITests.swift in Sources */,
			);
			runOnlyForDeploymentPostprocessing = 0;
		};
/* End PBXSourcesBuildPhase section */

/* Begin PBXTargetDependency section */
		3C32F79127A9FCC800AF4B2F /* PBXTargetDependency */ = {
			isa = PBXTargetDependency;
			target = 3C32F77827A9FCC400AF4B2F /* Prework */;
			targetProxy = 3C32F79027A9FCC800AF4B2F /* PBXContainerItemProxy */;
		};
		3C32F79C27A9FCC800AF4B2F /* PBXTargetDependency */ = {
			isa = PBXTargetDependency;
			target = 3C32F77827A9FCC400AF4B2F /* Prework */;
			targetProxy = 3C32F79B27A9FCC800AF4B2F /* PBXContainerItemProxy */;
		};
/* End PBXTargetDependency section */

/* Begin PBXVariantGroup section */
		3C32F78227A9FCC400AF4B2F /* Main.storyboard */ = {
			isa = PBXVariantGroup;
			children = (
				3C32F78327A9FCC400AF4B2F /* Base */,
			);
			name = Main.storyboard;
			sourceTree = "<group>";
		};
		3C32F78727A9FCC800AF4B2F /* LaunchScreen.storyboard */ = {
			isa = PBXVariantGroup;
			children = (
				3C32F78827A9FCC800AF4B2F /* Base */,
			);
			name = LaunchScreen.storyboard;
			sourceTree = "<group>";
		};
/* End PBXVariantGroup section */

/* Begin XCBuildConfiguration section */
		3C32F7A127A9FCC800AF4B2F /* Debug */ = {
			isa = XCBuildConfiguration;
			buildSettings = {
				ALWAYS_SEARCH_USER_PATHS = NO;
				CLANG_ANALYZER_NONNULL = YES;
				CLANG_ANALYZER_NUMBER_OBJECT_CONVERSION = YES_AGGRESSIVE;
				CLANG_CXX_LANGUAGE_STANDARD = "gnu++14";
				CLANG_CXX_LIBRARY = "libc++";
				CLANG_ENABLE_MODULES = YES;
				CLANG_ENABLE_OBJC_ARC = YES;
				CLANG_ENABLE_OBJC_WEAK = YES;
				CLANG_WARN_BLOCK_CAPTURE_AUTORELEASING = YES;
				CLANG_WARN_BOOL_CONVERSION = YES;
				CLANG_WARN_COMMA = YES;
				CLANG_WARN_CONSTANT_CONVERSION = YES;
				CLANG_WARN_DEPRECATED_OBJC_IMPLEMENTATIONS = YES;
				CLANG_WARN_DIRECT_OBJC_ISA_USAGE = YES_ERROR;
				CLANG_WARN_DOCUMENTATION_COMMENTS = YES;
				CLANG_WARN_EMPTY_BODY = YES;
				CLANG_WARN_ENUM_CONVERSION = YES;
				CLANG_WARN_INFINITE_RECURSION = YES;
				CLANG_WARN_INT_CONVERSION = YES;
				CLANG_WARN_NON_LITERAL_NULL_CONVERSION = YES;
				CLANG_WARN_OBJC_IMPLICIT_RETAIN_SELF = YES;
				CLANG_WARN_OBJC_LITERAL_CONVERSION = YES;
				CLANG_WARN_OBJC_ROOT_CLASS = YES_ERROR;
				CLANG_WARN_QUOTED_INCLUDE_IN_FRAMEWORK_HEADER = YES;
				CLANG_WARN_RANGE_LOOP_ANALYSIS = YES;
				CLANG_WARN_STRICT_PROTOTYPES = YES;
				CLANG_WARN_SUSPICIOUS_MOVE = YES;
				CLANG_WARN_UNGUARDED_AVAILABILITY = YES_AGGRESSIVE;
				CLANG_WARN_UNREACHABLE_CODE = YES;
				CLANG_WARN__DUPLICATE_METHOD_MATCH = YES;
				COPY_PHASE_STRIP = NO;
				DEBUG_INFORMATION_FORMAT = dwarf;
				ENABLE_STRICT_OBJC_MSGSEND = YES;
				ENABLE_TESTABILITY = YES;
				GCC_C_LANGUAGE_STANDARD = gnu11;
				GCC_DYNAMIC_NO_PIC = NO;
				GCC_NO_COMMON_BLOCKS = YES;
				GCC_OPTIMIZATION_LEVEL = 0;
				GCC_PREPROCESSOR_DEFINITIONS = (
					"DEBUG=1",
					"$(inherited)",
				);
				GCC_WARN_64_TO_32_BIT_CONVERSION = YES;
				GCC_WARN_ABOUT_RETURN_TYPE = YES_ERROR;
				GCC_WARN_UNDECLARED_SELECTOR = YES;
				GCC_WARN_UNINITIALIZED_AUTOS = YES_AGGRESSIVE;
				GCC_WARN_UNUSED_FUNCTION = YES;
				GCC_WARN_UNUSED_VARIABLE = YES;
				IPHONEOS_DEPLOYMENT_TARGET = 14.5;
				MTL_ENABLE_DEBUG_INFO = INCLUDE_SOURCE;
				MTL_FAST_MATH = YES;
				ONLY_ACTIVE_ARCH = YES;
				SDKROOT = iphoneos;
				SWIFT_ACTIVE_COMPILATION_CONDITIONS = DEBUG;
				SWIFT_OPTIMIZATION_LEVEL = "-Onone";
			};
			name = Debug;
		};
		3C32F7A227A9FCC800AF4B2F /* Release */ = {
			isa = XCBuildConfiguration;
			buildSettings = {
				ALWAYS_SEARCH_USER_PATHS = NO;
				CLANG_ANALYZER_NONNULL = YES;
				CLANG_ANALYZER_NUMBER_OBJECT_CONVERSION = YES_AGGRESSIVE;
				CLANG_CXX_LANGUAGE_STANDARD = "gnu++14";
				CLANG_CXX_LIBRARY = "libc++";
				CLANG_ENABLE_MODULES = YES;
				CLANG_ENABLE_OBJC_ARC = YES;
				CLANG_ENABLE_OBJC_WEAK = YES;
				CLANG_WARN_BLOCK_CAPTURE_AUTORELEASING = YES;
				CLANG_WARN_BOOL_CONVERSION = YES;
				CLANG_WARN_COMMA = YES;
				CLANG_WARN_CONSTANT_CONVERSION = YES;
				CLANG_WARN_DEPRECATED_OBJC_IMPLEMENTATIONS = YES;
				CLANG_WARN_DIRECT_OBJC_ISA_USAGE = YES_ERROR;
				CLANG_WARN_DOCUMENTATION_COMMENTS = YES;
				CLANG_WARN_EMPTY_BODY = YES;
				CLANG_WARN_ENUM_CONVERSION = YES;
				CLANG_WARN_INFINITE_RECURSION = YES;
				CLANG_WARN_INT_CONVERSION = YES;
				CLANG_WARN_NON_LITERAL_NULL_CONVERSION = YES;
				CLANG_WARN_OBJC_IMPLICIT_RETAIN_SELF = YES;
				CLANG_WARN_OBJC_LITERAL_CONVERSION = YES;
				CLANG_WARN_OBJC_ROOT_CLASS = YES_ERROR;
				CLANG_WARN_QUOTED_INCLUDE_IN_FRAMEWORK_HEADER = YES;
				CLANG_WARN_RANGE_LOOP_ANALYSIS = YES;
				CLANG_WARN_STRICT_PROTOTYPES = YES;
				CLANG_WARN_SUSPICIOUS_MOVE = YES;
				CLANG_WARN_UNGUARDED_AVAILABILITY = YES_AGGRESSIVE;
				CLANG_WARN_UNREACHABLE_CODE = YES;
				CLANG_WARN__DUPLICATE_METHOD_MATCH = YES;
				COPY_PHASE_STRIP = NO;
				DEBUG_INFORMATION_FORMAT = "dwarf-with-dsym";
				ENABLE_NS_ASSERTIONS = NO;
				ENABLE_STRICT_OBJC_MSGSEND = YES;
				GCC_C_LANGUAGE_STANDARD = gnu11;
				GCC_NO_COMMON_BLOCKS = YES;
				GCC_WARN_64_TO_32_BIT_CONVERSION = YES;
				GCC_WARN_ABOUT_RETURN_TYPE = YES_ERROR;
				GCC_WARN_UNDECLARED_SELECTOR = YES;
				GCC_WARN_UNINITIALIZED_AUTOS = YES_AGGRESSIVE;
				GCC_WARN_UNUSED_FUNCTION = YES;
				GCC_WARN_UNUSED_VARIABLE = YES;
				IPHONEOS_DEPLOYMENT_TARGET = 14.5;
				MTL_ENABLE_DEBUG_INFO = NO;
				MTL_FAST_MATH = YES;
				SDKROOT = iphoneos;
				SWIFT_COMPILATION_MODE = wholemodule;
				SWIFT_OPTIMIZATION_LEVEL = "-O";
				VALIDATE_PRODUCT = YES;
			};
			name = Release;
		};
		3C32F7A427A9FCC800AF4B2F /* Debug */ = {
			isa = XCBuildConfiguration;
			buildSettings = {
				ASSETCATALOG_COMPILER_APPICON_NAME = AppIcon;
				ASSETCATALOG_COMPILER_GLOBAL_ACCENT_COLOR_NAME = AccentColor;
				CODE_SIGN_STYLE = Automatic;
				INFOPLIST_FILE = Prework/Info.plist;
				LD_RUNPATH_SEARCH_PATHS = (
					"$(inherited)",
					"@executable_path/Frameworks",
				);
				PRODUCT_BUNDLE_IDENTIFIER = russellelliott.Prework;
				PRODUCT_NAME = "$(TARGET_NAME)";
				SWIFT_VERSION = 5.0;
				TARGETED_DEVICE_FAMILY = "1,2";
			};
			name = Debug;
		};
		3C32F7A527A9FCC800AF4B2F /* Release */ = {
			isa = XCBuildConfiguration;
			buildSettings = {
				ASSETCATALOG_COMPILER_APPICON_NAME = AppIcon;
				ASSETCATALOG_COMPILER_GLOBAL_ACCENT_COLOR_NAME = AccentColor;
				CODE_SIGN_STYLE = Automatic;
				INFOPLIST_FILE = Prework/Info.plist;
				LD_RUNPATH_SEARCH_PATHS = (
					"$(inherited)",
					"@executable_path/Frameworks",
				);
				PRODUCT_BUNDLE_IDENTIFIER = russellelliott.Prework;
				PRODUCT_NAME = "$(TARGET_NAME)";
				SWIFT_VERSION = 5.0;
				TARGETED_DEVICE_FAMILY = "1,2";
			};
			name = Release;
		};
		3C32F7A727A9FCC800AF4B2F /* Debug */ = {
			isa = XCBuildConfiguration;
			buildSettings = {
				ALWAYS_EMBED_SWIFT_STANDARD_LIBRARIES = YES;
				BUNDLE_LOADER = "$(TEST_HOST)";
				CODE_SIGN_STYLE = Automatic;
				INFOPLIST_FILE = PreworkTests/Info.plist;
				IPHONEOS_DEPLOYMENT_TARGET = 14.5;
				LD_RUNPATH_SEARCH_PATHS = (
					"$(inherited)",
					"@executable_path/Frameworks",
					"@loader_path/Frameworks",
				);
				PRODUCT_BUNDLE_IDENTIFIER = russellelliott.PreworkTests;
				PRODUCT_NAME = "$(TARGET_NAME)";
				SWIFT_VERSION = 5.0;
				TARGETED_DEVICE_FAMILY = "1,2";
				TEST_HOST = "$(BUILT_PRODUCTS_DIR)/Prework.app/Prework";
			};
			name = Debug;
		};
		3C32F7A827A9FCC800AF4B2F /* Release */ = {
			isa = XCBuildConfiguration;
			buildSettings = {
				ALWAYS_EMBED_SWIFT_STANDARD_LIBRARIES = YES;
				BUNDLE_LOADER = "$(TEST_HOST)";
				CODE_SIGN_STYLE = Automatic;
				INFOPLIST_FILE = PreworkTests/Info.plist;
				IPHONEOS_DEPLOYMENT_TARGET = 14.5;
				LD_RUNPATH_SEARCH_PATHS = (
					"$(inherited)",
					"@executable_path/Frameworks",
					"@loader_path/Frameworks",
				);
				PRODUCT_BUNDLE_IDENTIFIER = russellelliott.PreworkTests;
				PRODUCT_NAME = "$(TARGET_NAME)";
				SWIFT_VERSION = 5.0;
				TARGETED_DEVICE_FAMILY = "1,2";
				TEST_HOST = "$(BUILT_PRODUCTS_DIR)/Prework.app/Prework";
			};
			name = Release;
		};
		3C32F7AA27A9FCC800AF4B2F /* Debug */ = {
			isa = XCBuildConfiguration;
			buildSettings = {
				ALWAYS_EMBED_SWIFT_STANDARD_LIBRARIES = YES;
				CODE_SIGN_STYLE = Automatic;
				INFOPLIST_FILE = PreworkUITests/Info.plist;
				LD_RUNPATH_SEARCH_PATHS = (
					"$(inherited)",
					"@executable_path/Frameworks",
					"@loader_path/Frameworks",
				);
				PRODUCT_BUNDLE_IDENTIFIER = russellelliott.PreworkUITests;
				PRODUCT_NAME = "$(TARGET_NAME)";
				SWIFT_VERSION = 5.0;
				TARGETED_DEVICE_FAMILY = "1,2";
				TEST_TARGET_NAME = Prework;
			};
			name = Debug;
		};
		3C32F7AB27A9FCC800AF4B2F /* Release */ = {
			isa = XCBuildConfiguration;
			buildSettings = {
				ALWAYS_EMBED_SWIFT_STANDARD_LIBRARIES = YES;
				CODE_SIGN_STYLE = Automatic;
				INFOPLIST_FILE = PreworkUITests/Info.plist;
				LD_RUNPATH_SEARCH_PATHS = (
					"$(inherited)",
					"@executable_path/Frameworks",
					"@loader_path/Frameworks",
				);
				PRODUCT_BUNDLE_IDENTIFIER = russellelliott.PreworkUITests;
				PRODUCT_NAME = "$(TARGET_NAME)";
				SWIFT_VERSION = 5.0;
				TARGETED_DEVICE_FAMILY = "1,2";
				TEST_TARGET_NAME = Prework;
			};
			name = Release;
		};
/* End XCBuildConfiguration section */

/* Begin XCConfigurationList section */
		3C32F77427A9FCC400AF4B2F /* Build configuration list for PBXProject "Prework" */ = {
			isa = XCConfigurationList;
			buildConfigurations = (
				3C32F7A127A9FCC800AF4B2F /* Debug */,
				3C32F7A227A9FCC800AF4B2F /* Release */,
			);
			defaultConfigurationIsVisible = 0;
			defaultConfigurationName = Release;
		};
		3C32F7A327A9FCC800AF4B2F /* Build configuration list for PBXNativeTarget "Prework" */ = {
			isa = XCConfigurationList;
			buildConfigurations = (
				3C32F7A427A9FCC800AF4B2F /* Debug */,
				3C32F7A527A9FCC800AF4B2F /* Release */,
			);
			defaultConfigurationIsVisible = 0;
			defaultConfigurationName = Release;
		};
		3C32F7A627A9FCC800AF4B2F /* Build configuration list for PBXNativeTarget "PreworkTests" */ = {
			isa = XCConfigurationList;
			buildConfigurations = (
				3C32F7A727A9FCC800AF4B2F /* Debug */,
				3C32F7A827A9FCC800AF4B2F /* Release */,
			);
			defaultConfigurationIsVisible = 0;
			defaultConfigurationName = Release;
		};
		3C32F7A927A9FCC800AF4B2F /* Build configuration list for PBXNativeTarget "PreworkUITests" */ = {
			isa = XCConfigurationList;
			buildConfigurations = (
				3C32F7AA27A9FCC800AF4B2F /* Debug */,
				3C32F7AB27A9FCC800AF4B2F /* Release */,
			);
			defaultConfigurationIsVisible = 0;
			defaultConfigurationName = Release;
		};
/* End XCConfigurationList section */
	};
	rootObject = 3C32F77127A9FCC400AF4B2F /* Project object */;
}
